
Microsoft Visual Studio Solution File, Format Version 12.00
# Visual Studio Version 17
VisualStudioVersion = 17.0.32112.339
MinimumVisualStudioVersion = 10.0.40219.1
Project("{8BC9CEB8-8B4A-11D0-8D11-00A0C91BC942}") = "PAT-basic level02", "PAT-basic level02\PAT-basic level02.vcxproj", "{11530C86-9EA2-4FF1-BC72-CE1E20247D46}"
EndProject
Global
	GlobalSection(SolutionConfigurationPlatforms) = preSolution
		Debug|x64 = Debug|x64
		Debug|x86 = Debug|x86
		Release|x64 = Release|x64
		Release|x86 = Release|x86
	EndGlobalSection
	GlobalSection(ProjectConfigurationPlatforms) = postSolution
		{11530C86-9EA2-4FF1-BC72-CE1E20247D46}.Debug|x64.ActiveCfg = Debug|x64
		{11530C86-9EA2-4FF1-BC72-CE1E20247D46}.Debug|x64.Build.0 = Debug|x64
		{11530C86-9EA2-4FF1-BC72-CE1E20247D46}.Debug|x86.ActiveCfg = Debug|Win32
		{11530C86-9EA2-4FF1-BC72-CE1E20247D46}.Debug|x86.Build.0 = Debug|Win32
		{11530C86-9EA2-4FF1-BC72-CE1E20247D46}.Release|x64.ActiveCfg = Release|x64
		{11530C86-9EA2-4FF1-BC72-CE1E20247D46}.Release|x64.Build.0 = Release|x64
		{11530C86-9EA2-4FF1-BC72-CE1E20247D46}.Release|x86.ActiveCfg = Release|Win32
		{11530C86-9EA2-4FF1-BC72-CE1E20247D46}.Release|x86.Build.0 = Release|Win32
	EndGlobalSection
	GlobalSection(SolutionProperties) = preSolution
		HideSolutionNode = FALSE
	EndGlobalSection
	GlobalSection(ExtensibilityGlobals) = postSolution
		SolutionGuid = {77348DA4-F248-45C5-904E-EA54BA9572D3}
	EndGlobalSection
EndGlobal
